
Microsoft Visual Studio Solution File, Format Version 12.00
# Visual Studio Version 17
VisualStudioVersion = 17.3.32825.248
MinimumVisualStudioVersion = 10.0.40219.1
Project("{FAE04EC0-301F-11D3-BF4B-00C04F79EFBC}") = "Rocket", "Rocket\Rocket.csproj", "{53C90BC5-771F-4B09-9A3F-DDB61C9BB7FD}"
EndProject
Global
	GlobalSection(SolutionConfigurationPlatforms) = preSolution
		Debug|Any CPU = Debug|Any CPU
		Release|Any CPU = Release|Any CPU
	EndGlobalSection
	GlobalSection(ProjectConfigurationPlatforms) = postSolution
		{53C90BC5-771F-4B09-9A3F-DDB61C9BB7FD}.Debug|Any CPU.ActiveCfg = Debug|Any CPU
		{53C90BC5-771F-4B09-9A3F-DDB61C9BB7FD}.Debug|Any CPU.Build.0 = Debug|Any CPU
		{53C90BC5-771F-4B09-9A3F-DDB61C9BB7FD}.Release|Any CPU.ActiveCfg = Release|Any CPU
		{53C90BC5-771F-4B09-9A3F-DDB61C9BB7FD}.Release|Any CPU.Build.0 = Release|Any CPU
	EndGlobalSection
	GlobalSection(SolutionProperties) = preSolution
		HideSolutionNode = FALSE
	EndGlobalSection
	GlobalSection(ExtensibilityGlobals) = postSolution
		SolutionGuid = {082C1B3A-47AF-4FD8-8329-D261E9A0920F}
	EndGlobalSection
EndGlobal
